
Microsoft Visual Studio Solution File, Format Version 12.00
# Visual Studio 2017
Project("{FAE04EC0-301F-11D3-BF4B-00C04F79EFBC}") = "speakeasy", "speakeasy.csproj", "{F1724C14-B3EE-6BD3-9E4F-9A0575EF5569}"
EndProject
Project("{FAE04EC0-301F-11D3-BF4B-00C04F79EFBC}") = "speakeasy.Editor", "speakeasy.Editor.csproj", "{C01414C8-36C2-418B-A0FC-DA50E45FAC89}"
EndProject
Global
	GlobalSection(SolutionConfigurationPlatforms) = preSolution
		Debug|Any CPU = Debug|Any CPU
		Release|Any CPU = Release|Any CPU
	EndGlobalSection
	GlobalSection(ProjectConfigurationPlatforms) = postSolution
		{F1724C14-B3EE-6BD3-9E4F-9A0575EF5569}.Debug|Any CPU.ActiveCfg = Debug|Any CPU
		{F1724C14-B3EE-6BD3-9E4F-9A0575EF5569}.Debug|Any CPU.Build.0 = Debug|Any CPU
		{F1724C14-B3EE-6BD3-9E4F-9A0575EF5569}.Release|Any CPU.ActiveCfg = Release|Any CPU
		{F1724C14-B3EE-6BD3-9E4F-9A0575EF5569}.Release|Any CPU.Build.0 = Release|Any CPU
		{C01414C8-36C2-418B-A0FC-DA50E45FAC89}.Debug|Any CPU.ActiveCfg = Debug|Any CPU
		{C01414C8-36C2-418B-A0FC-DA50E45FAC89}.Debug|Any CPU.Build.0 = Debug|Any CPU
		{C01414C8-36C2-418B-A0FC-DA50E45FAC89}.Release|Any CPU.ActiveCfg = Release|Any CPU
		{C01414C8-36C2-418B-A0FC-DA50E45FAC89}.Release|Any CPU.Build.0 = Release|Any CPU
	EndGlobalSection
	GlobalSection(SolutionProperties) = preSolution
		HideSolutionNode = FALSE
	EndGlobalSection
EndGlobal
